{
  "name": "farmgraph",
  "version": "1.0.0",
  "lockfileVersion": 1,
  "requires": true,
  "dependencies": {
    "@fortawesome/fontawesome-free": {
      "version": "5.2.0",
      "resolved": "https://registry.npmjs.org/@fortawesome/fontawesome-free/-/fontawesome-free-5.2.0.tgz",
      "integrity": "sha512-4pgStJx9UmydKc7wwF6Xjw4dFqzUnQejeuP2aUNHWazayWbmMbrx5rieN9+oob4bUwkf1thS3am0Ko+uhFHpNA=="
    },
    "bootstrap": {
      "version": "4.1.3",
      "resolved": "https://registry.npmjs.org/bootstrap/-/bootstrap-4.1.3.tgz",
      "integrity": "sha512-rDFIzgXcof0jDyjNosjv4Sno77X4KuPeFxG2XZZv1/Kc8DRVGVADdoQyyOVDwPqL36DDmtCQbrpMCqvpPLJQ0w=="
    },
    "bootstrap-confirmation2": {
      "version": "4.0.1",
      "resolved": "https://registry.npmjs.org/bootstrap-confirmation2/-/bootstrap-confirmation2-4.0.1.tgz",
      "integrity": "sha512-S6nX8fh62b3Q8foXX0xJ6rWhjFVSyA/Iln3Ra0NEs3/vv//drl3+6iVXwp5HDv51gfTFwg3fMtXH3XUY2ci80A=="
    },
    "bootstrap-contextmenu": {
      "version": "1.0.0",
      "resolved": "https://registry.npmjs.org/bootstrap-contextmenu/-/bootstrap-contextmenu-1.0.0.tgz",
      "integrity": "sha1-5GRnvHlSf3X8UyVSqrkqnPaIzPs="
    },
    "bootstrap-slider": {
      "version": "10.2.0",
      "resolved": "https://registry.npmjs.org/bootstrap-slider/-/bootstrap-slider-10.2.0.tgz",
      "integrity": "sha1-txvuFbIQRC5D+UnLQ4rCUknf3Ac="
    },
    "jquery": {
      "version": "3.3.1",
      "resolved": "https://registry.npmjs.org/jquery/-/jquery-3.3.1.tgz",
      "integrity": "sha512-Ubldcmxp5np52/ENotGxlLe6aGMvmF4R8S6tZjsP6Knsaxd/xp3Zrh50cG93lR6nPXyUFwzN3ZSOQI0wRJNdGg=="
    },
    "jquery-mousewheel": {
      "version": "3.1.13",
      "resolved": "https://registry.npmjs.org/jquery-mousewheel/-/jquery-mousewheel-3.1.13.tgz",
      "integrity": "sha1-BvAzXxbjU6aV5yBr9QUDy1I6buU="
    },
    "jquery-ui-dist": {
      "version": "1.12.1",
      "resolved": "https://registry.npmjs.org/jquery-ui-dist/-/jquery-ui-dist-1.12.1.tgz",
      "integrity": "sha1-XAgV08xvkP9fqvWyaKbiO0ypBPo="
    },
    "jsplumb": {
      "version": "2.7.13",
      "resolved": "https://registry.npmjs.org/jsplumb/-/jsplumb-2.7.13.tgz",
      "integrity": "sha512-aUNWOZzIFRusbinkBBGm59/JQeCtKygaAxuNGGqegCvFTuuUIbMAvgbEFZyUvpHaWlJP32ulEIH8w5X9f96vlg=="
    },
    "malihu-custom-scrollbar-plugin": {
      "version": "3.1.5",
      "resolved": "https://registry.npmjs.org/malihu-custom-scrollbar-plugin/-/malihu-custom-scrollbar-plugin-3.1.5.tgz",
      "integrity": "sha1-MQzsxeWUFaHCnp37XStuAdZqKe8=",
      "requires": {
        "jquery-mousewheel": "3.1.13"
      }
    }
  }
}
